{
  "version": 4,
  "terraform_version": "1.4.2",
  "serial": 21,
  "lineage": "f86abe81-9445-1bb0-3100-f0c79019eff3",
  "outputs": {},
  "resources": [
    {
      "mode": "managed",
      "type": "azurerm_private_endpoint",
      "name": "private_EP",
      "provider": "provider[\"registry.terraform.io/hashicorp/azurerm\"]",
      "instances": [
        {
          "schema_version": 0,
          "attributes": {
            "custom_dns_configs": [
              {
                "fqdn": "storageaccascode232.blob.core.windows.net",
                "ip_addresses": [
                  "10.0.2.4"
                ]
              }
            ],
            "custom_network_interface_name": "",
            "id": "/subscriptions/225a10da-c09e-4a75-bf63-e8d060f8d1bf/resourceGroups/devtest-resources/providers/Microsoft.Network/privateEndpoints/private-endpoint",
            "ip_configuration": [],
            "location": "northeurope",
            "name": "private-endpoint",
            "network_interface": [
              {
                "id": "/subscriptions/225a10da-c09e-4a75-bf63-e8d060f8d1bf/resourceGroups/devtest-resources/providers/Microsoft.Network/networkInterfaces/private-endpoint.nic.a59779a1-f795-4909-9298-4a0eedd8307f",
                "name": "private-endpoint.nic.a59779a1-f795-4909-9298-4a0eedd8307f"
              }
            ],
            "private_dns_zone_configs": [],
            "private_dns_zone_group": [],
            "private_service_connection": [
              {
                "is_manual_connection": false,
                "name": "private-service-connection",
                "private_connection_resource_alias": "",
                "private_connection_resource_id": "/subscriptions/225a10da-c09e-4a75-bf63-e8d060f8d1bf/resourceGroups/devtest-resources/providers/Microsoft.Storage/storageAccounts/storageaccascode232",
                "private_ip_address": "10.0.2.4",
                "request_message": "",
                "subresource_names": [
                  "blob"
                ]
              }
            ],
            "resource_group_name": "devtest-resources",
            "subnet_id": "/subscriptions/225a10da-c09e-4a75-bf63-e8d060f8d1bf/resourceGroups/devtest-resources/providers/Microsoft.Network/virtualNetworks/vnet/subnets/subnetname",
            "tags": {},
            "timeouts": {
              "create": null,
              "delete": null,
              "read": null,
              "update": null
            }
          },
          "sensitive_attributes": [],
          "private": "eyJlMmJmYjczMC1lY2FhLTExZTYtOGY4OC0zNDM2M2JjN2M0YzAiOnsiY3JlYXRlIjozNjAwMDAwMDAwMDAwLCJkZWxldGUiOjM2MDAwMDAwMDAwMDAsInJlYWQiOjMwMDAwMDAwMDAwMCwidXBkYXRlIjozNjAwMDAwMDAwMDAwfSwic2NoZW1hX3ZlcnNpb24iOiIwIn0=",
          "dependencies": [
            "azurerm_resource_group.resourcegroup",
            "azurerm_storage_account.storage_account",
            "azurerm_subnet.vnet_sub",
            "azurerm_virtual_network.vnet_main"
          ]
        }
      ]
    },
    {
      "mode": "managed",
      "type": "azurerm_resource_group",
      "name": "resourcegroup",
      "provider": "provider[\"registry.terraform.io/hashicorp/azurerm\"]",
      "instances": [
        {
          "schema_version": 0,
          "attributes": {
            "id": "/subscriptions/225a10da-c09e-4a75-bf63-e8d060f8d1bf/resourceGroups/devtest-resources",
            "location": "northeurope",
            "name": "devtest-resources",
            "tags": {},
            "timeouts": {
              "create": null,
              "delete": null,
              "read": null,
              "update": null
            }
          },
          "sensitive_attributes": [],
          "private": "eyJlMmJmYjczMC1lY2FhLTExZTYtOGY4OC0zNDM2M2JjN2M0YzAiOnsiY3JlYXRlIjo1NDAwMDAwMDAwMDAwLCJkZWxldGUiOjU0MDAwMDAwMDAwMDAsInJlYWQiOjMwMDAwMDAwMDAwMCwidXBkYXRlIjo1NDAwMDAwMDAwMDAwfSwic2NoZW1hX3ZlcnNpb24iOiIwIn0="
        }
      ]
    },
    {
      "mode": "managed",
      "type": "azurerm_storage_account",
      "name": "storage_account",
      "provider": "provider[\"registry.terraform.io/hashicorp/azurerm\"]",
      "instances": [
        {
          "schema_version": 3,
          "attributes": {
            "access_tier": "Hot",
            "account_kind": "StorageV2",
            "account_replication_type": "GRS",
            "account_tier": "Standard",
            "allow_nested_items_to_be_public": true,
            "allowed_copy_scope": "",
            "azure_files_authentication": [],
            "blob_properties": [
              {
                "change_feed_enabled": false,
                "change_feed_retention_in_days": 0,
                "container_delete_retention_policy": [],
                "cors_rule": [],
                "default_service_version": "",
                "delete_retention_policy": [],
                "last_access_time_enabled": false,
                "restore_policy": [],
                "versioning_enabled": false
              }
            ],
            "cross_tenant_replication_enabled": true,
            "custom_domain": [],
            "customer_managed_key": [],
            "default_to_oauth_authentication": false,
            "edge_zone": "",
            "enable_https_traffic_only": true,
            "id": "/subscriptions/225a10da-c09e-4a75-bf63-e8d060f8d1bf/resourceGroups/devtest-resources/providers/Microsoft.Storage/storageAccounts/storageaccascode232",
            "identity": [],
            "immutability_policy": [],
            "infrastructure_encryption_enabled": false,
            "is_hns_enabled": false,
            "large_file_share_enabled": null,
            "location": "northeurope",
            "min_tls_version": "TLS1_2",
            "name": "storageaccascode232",
            "network_rules": [
              {
                "bypass": [
                  "AzureServices"
                ],
                "default_action": "Deny",
                "ip_rules": [
                  "109.247.234.158"
                ],
                "private_link_access": [],
                "virtual_network_subnet_ids": [
                  "/subscriptions/225a10da-c09e-4a75-bf63-e8d060f8d1bf/resourceGroups/devtest-resources/providers/Microsoft.Network/virtualNetworks/vnet/subnets/subnetname"
                ]
              }
            ],
            "nfsv3_enabled": false,
            "primary_access_key": "s5vzl/bnws6o27i/wUYF7AsTmYDRn1ylXzhzXhyLvKB+vvzPJxFfqFidSczjVuVbkL6HUkL1hhFa+AStWXFabw==",
            "primary_blob_connection_string": "DefaultEndpointsProtocol=https;BlobEndpoint=https://storageaccascode232.blob.core.windows.net/;AccountName=storageaccascode232;AccountKey=s5vzl/bnws6o27i/wUYF7AsTmYDRn1ylXzhzXhyLvKB+vvzPJxFfqFidSczjVuVbkL6HUkL1hhFa+AStWXFabw==",
            "primary_blob_endpoint": "https://storageaccascode232.blob.core.windows.net/",
            "primary_blob_host": "storageaccascode232.blob.core.windows.net",
            "primary_connection_string": "DefaultEndpointsProtocol=https;AccountName=storageaccascode232;AccountKey=s5vzl/bnws6o27i/wUYF7AsTmYDRn1ylXzhzXhyLvKB+vvzPJxFfqFidSczjVuVbkL6HUkL1hhFa+AStWXFabw==;EndpointSuffix=core.windows.net",
            "primary_dfs_endpoint": "https://storageaccascode232.dfs.core.windows.net/",
            "primary_dfs_host": "storageaccascode232.dfs.core.windows.net",
            "primary_file_endpoint": "https://storageaccascode232.file.core.windows.net/",
            "primary_file_host": "storageaccascode232.file.core.windows.net",
            "primary_location": "northeurope",
            "primary_queue_endpoint": "https://storageaccascode232.queue.core.windows.net/",
            "primary_queue_host": "storageaccascode232.queue.core.windows.net",
            "primary_table_endpoint": "https://storageaccascode232.table.core.windows.net/",
            "primary_table_host": "storageaccascode232.table.core.windows.net",
            "primary_web_endpoint": "https://storageaccascode232.z16.web.core.windows.net/",
            "primary_web_host": "storageaccascode232.z16.web.core.windows.net",
            "public_network_access_enabled": true,
            "queue_encryption_key_type": "Service",
            "queue_properties": [
              {
                "cors_rule": [],
                "hour_metrics": [
                  {
                    "enabled": true,
                    "include_apis": true,
                    "retention_policy_days": 7,
                    "version": "1.0"
                  }
                ],
                "logging": [
                  {
                    "delete": false,
                    "read": false,
                    "retention_policy_days": 0,
                    "version": "1.0",
                    "write": false
                  }
                ],
                "minute_metrics": [
                  {
                    "enabled": false,
                    "include_apis": false,
                    "retention_policy_days": 0,
                    "version": "1.0"
                  }
                ]
              }
            ],
            "resource_group_name": "devtest-resources",
            "routing": [],
            "sas_policy": [],
            "secondary_access_key": "AxyvAbh5Sk/bezQYzFHmgT+ssN/XmwtDhHNtr9IRxpaBxn9QavKQwveEdrYwRRIypFyfzrOXwk9/+AStqoAgDw==",
            "secondary_blob_connection_string": "",
            "secondary_blob_endpoint": null,
            "secondary_blob_host": null,
            "secondary_connection_string": "DefaultEndpointsProtocol=https;AccountName=storageaccascode232;AccountKey=AxyvAbh5Sk/bezQYzFHmgT+ssN/XmwtDhHNtr9IRxpaBxn9QavKQwveEdrYwRRIypFyfzrOXwk9/+AStqoAgDw==;EndpointSuffix=core.windows.net",
            "secondary_dfs_endpoint": null,
            "secondary_dfs_host": null,
            "secondary_file_endpoint": null,
            "secondary_file_host": null,
            "secondary_location": "westeurope",
            "secondary_queue_endpoint": null,
            "secondary_queue_host": null,
            "secondary_table_endpoint": null,
            "secondary_table_host": null,
            "secondary_web_endpoint": null,
            "secondary_web_host": null,
            "sftp_enabled": false,
            "share_properties": [
              {
                "cors_rule": [],
                "retention_policy": [
                  {
                    "days": 7
                  }
                ],
                "smb": []
              }
            ],
            "shared_access_key_enabled": true,
            "static_website": [],
            "table_encryption_key_type": "Service",
            "tags": {
              "identity": "dev"
            },
            "timeouts": {
              "create": null,
              "delete": null,
              "read": null,
              "update": null
            }
          },
          "sensitive_attributes": [],
          "private": "eyJlMmJmYjczMC1lY2FhLTExZTYtOGY4OC0zNDM2M2JjN2M0YzAiOnsiY3JlYXRlIjozNjAwMDAwMDAwMDAwLCJkZWxldGUiOjM2MDAwMDAwMDAwMDAsInJlYWQiOjMwMDAwMDAwMDAwMCwidXBkYXRlIjozNjAwMDAwMDAwMDAwfSwic2NoZW1hX3ZlcnNpb24iOiIzIn0=",
          "dependencies": [
            "azurerm_resource_group.resourcegroup",
            "azurerm_subnet.vnet_sub",
            "azurerm_virtual_network.vnet_main"
          ]
        }
      ]
    },
    {
      "mode": "managed",
      "type": "azurerm_subnet",
      "name": "vnet_sub",
      "provider": "provider[\"registry.terraform.io/hashicorp/azurerm\"]",
      "instances": [
        {
          "schema_version": 0,
          "attributes": {
            "address_prefixes": [
              "10.0.2.0/24"
            ],
            "delegation": [],
            "enforce_private_link_endpoint_network_policies": false,
            "enforce_private_link_service_network_policies": false,
            "id": "/subscriptions/225a10da-c09e-4a75-bf63-e8d060f8d1bf/resourceGroups/devtest-resources/providers/Microsoft.Network/virtualNetworks/vnet/subnets/subnetname",
            "name": "subnetname",
            "private_endpoint_network_policies_enabled": true,
            "private_link_service_network_policies_enabled": true,
            "resource_group_name": "devtest-resources",
            "service_endpoint_policy_ids": [],
            "service_endpoints": [
              "Microsoft.Sql",
              "Microsoft.Storage"
            ],
            "timeouts": {
              "create": null,
              "delete": null,
              "read": null,
              "update": null
            },
            "virtual_network_name": "vnet"
          },
          "sensitive_attributes": [],
          "private": "eyJlMmJmYjczMC1lY2FhLTExZTYtOGY4OC0zNDM2M2JjN2M0YzAiOnsiY3JlYXRlIjoxODAwMDAwMDAwMDAwLCJkZWxldGUiOjE4MDAwMDAwMDAwMDAsInJlYWQiOjMwMDAwMDAwMDAwMCwidXBkYXRlIjoxODAwMDAwMDAwMDAwfSwic2NoZW1hX3ZlcnNpb24iOiIwIn0=",
          "dependencies": [
            "azurerm_resource_group.resourcegroup",
            "azurerm_virtual_network.vnet_main"
          ]
        }
      ]
    },
    {
      "mode": "managed",
      "type": "azurerm_virtual_network",
      "name": "vnet_main",
      "provider": "provider[\"registry.terraform.io/hashicorp/azurerm\"]",
      "instances": [
        {
          "schema_version": 0,
          "attributes": {
            "address_space": [
              "10.0.0.0/16"
            ],
            "bgp_community": "",
            "ddos_protection_plan": [],
            "dns_servers": [],
            "edge_zone": "",
            "flow_timeout_in_minutes": 0,
            "guid": "61bc6df7-d4ac-4a0e-8ae7-82dfad3c2395",
            "id": "/subscriptions/225a10da-c09e-4a75-bf63-e8d060f8d1bf/resourceGroups/devtest-resources/providers/Microsoft.Network/virtualNetworks/vnet",
            "location": "northeurope",
            "name": "vnet",
            "resource_group_name": "devtest-resources",
            "subnet": [
              {
                "address_prefix": "10.0.2.0/24",
                "id": "/subscriptions/225a10da-c09e-4a75-bf63-e8d060f8d1bf/resourceGroups/devtest-resources/providers/Microsoft.Network/virtualNetworks/vnet/subnets/subnetname",
                "name": "subnetname",
                "security_group": ""
              }
            ],
            "tags": {},
            "timeouts": {
              "create": null,
              "delete": null,
              "read": null,
              "update": null
            }
          },
          "sensitive_attributes": [],
          "private": "eyJlMmJmYjczMC1lY2FhLTExZTYtOGY4OC0zNDM2M2JjN2M0YzAiOnsiY3JlYXRlIjoxODAwMDAwMDAwMDAwLCJkZWxldGUiOjE4MDAwMDAwMDAwMDAsInJlYWQiOjMwMDAwMDAwMDAwMCwidXBkYXRlIjoxODAwMDAwMDAwMDAwfSwic2NoZW1hX3ZlcnNpb24iOiIwIn0=",
          "dependencies": [
            "azurerm_resource_group.resourcegroup"
          ]
        }
      ]
    },
    {
      "mode": "managed",
      "type": "null_resource",
      "name": "pim_pag_config",
      "provider": "provider[\"registry.terraform.io/hashicorp/null\"]",
      "instances": [
        {
          "status": "tainted",
          "schema_version": 0,
          "attributes": {
            "id": "1089651228",
            "triggers": {
              "storage_account_id": "/subscriptions/225a10da-c09e-4a75-bf63-e8d060f8d1bf/resourceGroups/devtest-resources/providers/Microsoft.Storage/storageAccounts/storageaccascode232"
            }
          },
          "sensitive_attributes": [],
          "dependencies": [
            "azurerm_storage_account.storage_account"
          ]
        }
      ]
    }
  ],
  "check_results": null
}
